
Microsoft Visual Studio Solution File, Format Version 12.00
# Visual Studio 2013
VisualStudioVersion = 12.0.30501.0
MinimumVisualStudioVersion = 10.0.40219.1
Project("{FAE04EC0-301F-11D3-BF4B-00C04F79EFBC}") = "HostTool", "HostTool\HostTool.csproj", "{92D298FF-0EA9-4A1A-9680-4BAD76FD1591}"
EndProject
Global
	GlobalSection(SolutionConfigurationPlatforms) = preSolution
		Debug|Any CPU = Debug|Any CPU
		Release|Any CPU = Release|Any CPU
	EndGlobalSection
	GlobalSection(ProjectConfigurationPlatforms) = postSolution
		{92D298FF-0EA9-4A1A-9680-4BAD76FD1591}.Debug|Any CPU.ActiveCfg = Debug|Any CPU
		{92D298FF-0EA9-4A1A-9680-4BAD76FD1591}.Debug|Any CPU.Build.0 = Debug|Any CPU
		{92D298FF-0EA9-4A1A-9680-4BAD76FD1591}.Release|Any CPU.ActiveCfg = Release|Any CPU
		{92D298FF-0EA9-4A1A-9680-4BAD76FD1591}.Release|Any CPU.Build.0 = Release|Any CPU
	EndGlobalSection
	GlobalSection(SolutionProperties) = preSolution
		HideSolutionNode = FALSE
	EndGlobalSection
EndGlobal
